
Microsoft Visual Studio Solution File, Format Version 12.00
# Visual Studio Version 16
VisualStudioVersion = 16.0.31424.327
MinimumVisualStudioVersion = 10.0.40219.1
Project("{FAE04EC0-301F-11D3-BF4B-00C04F79EFBC}") = "Persistence", "Persistence\Persistence.csproj", "{859C4709-3ECB-45BD-9F03-45A2BBC2041D}"
EndProject
Project("{FAE04EC0-301F-11D3-BF4B-00C04F79EFBC}") = "QuoteApp", "..\..\..\..\..\source\repos\lect_22_notebook.net\QuoteApp\QuoteApp.csproj", "{501D5892-DE55-4BCA-8733-64E6C50ADF8C}"
EndProject
Project("{FAE04EC0-301F-11D3-BF4B-00C04F79EFBC}") = "Services_aka_Domain", "Services_aka_Domain\Services_aka_Domain.csproj", "{A4F8C67F-9882-4F7B-8D38-6E48175E603E}"
EndProject
Global
	GlobalSection(SolutionConfigurationPlatforms) = preSolution
		Debug|Any CPU = Debug|Any CPU
		Release|Any CPU = Release|Any CPU
	EndGlobalSection
	GlobalSection(ProjectConfigurationPlatforms) = postSolution
		{859C4709-3ECB-45BD-9F03-45A2BBC2041D}.Debug|Any CPU.ActiveCfg = Debug|Any CPU
		{859C4709-3ECB-45BD-9F03-45A2BBC2041D}.Debug|Any CPU.Build.0 = Debug|Any CPU
		{859C4709-3ECB-45BD-9F03-45A2BBC2041D}.Release|Any CPU.ActiveCfg = Release|Any CPU
		{859C4709-3ECB-45BD-9F03-45A2BBC2041D}.Release|Any CPU.Build.0 = Release|Any CPU
		{501D5892-DE55-4BCA-8733-64E6C50ADF8C}.Debug|Any CPU.ActiveCfg = Debug|Any CPU
		{501D5892-DE55-4BCA-8733-64E6C50ADF8C}.Debug|Any CPU.Build.0 = Debug|Any CPU
		{501D5892-DE55-4BCA-8733-64E6C50ADF8C}.Release|Any CPU.ActiveCfg = Release|Any CPU
		{501D5892-DE55-4BCA-8733-64E6C50ADF8C}.Release|Any CPU.Build.0 = Release|Any CPU
		{A4F8C67F-9882-4F7B-8D38-6E48175E603E}.Debug|Any CPU.ActiveCfg = Debug|Any CPU
		{A4F8C67F-9882-4F7B-8D38-6E48175E603E}.Debug|Any CPU.Build.0 = Debug|Any CPU
		{A4F8C67F-9882-4F7B-8D38-6E48175E603E}.Release|Any CPU.ActiveCfg = Release|Any CPU
		{A4F8C67F-9882-4F7B-8D38-6E48175E603E}.Release|Any CPU.Build.0 = Release|Any CPU
	EndGlobalSection
	GlobalSection(SolutionProperties) = preSolution
		HideSolutionNode = FALSE
	EndGlobalSection
	GlobalSection(ExtensibilityGlobals) = postSolution
		SolutionGuid = {4EC015DA-950F-4053-B755-7020E72FD329}
	EndGlobalSection
EndGlobal
